schema_version: 1
generated_at: '2026-05-03T05:17:28+00:00'
policy: Deterministic cross-instance lock; drift must be explicit before Shape-B federation.
primitives:
- id: hooks/aci-observation-capture.sh
  kind: hook
  owner_adr: ADR-126
  lifecycle_state: sandbox
  maturity: advisory
  distribution: lab
  runtime_projection: true
  projection_targets:
  - .claude/settings.json
  - hooks/aci-observation-capture.sh
  sha256: 23d26a5190f6eb6d2eed3465b51f77407d05f7c4c27e7d401cb45196840afff8
- id: hooks/adr-section-validator.sh
  kind: hook
  owner_adr: ADR-126
  lifecycle_state: blocking
  maturity: blocking
  distribution: maintainer
  runtime_projection: true
  projection_targets:
  - .claude/settings.json
  - hooks/adr-section-validator.sh
  sha256: 0af9b01c5c5a9d8f2e5b51839920d05b93200a0802f1a3e0596fc78b4d6e3b0c
- id: hooks/agent-bash-cwd-enforcer.sh
  kind: hook
  owner_adr: ADR-126
  lifecycle_state: sandbox
  maturity: advisory
  distribution: lab
  runtime_projection: true
  projection_targets:
  - .claude/settings.json
  - hooks/agent-bash-cwd-enforcer.sh
  sha256: 1be848369cfbc2aa546aa182d2985c19f90a7f7a9d9ffc6d728287cd594b7bc9
- id: hooks/agent-checkpoint.sh
  kind: hook
  owner_adr: ADR-126
  lifecycle_state: sandbox
  maturity: advisory
  distribution: lab
  runtime_projection: true
  projection_targets:
  - .claude/settings.json
  - hooks/agent-checkpoint.sh
  sha256: 912c6d3fe82ee3c964a892660b8ce30a8508b6f9a392d6b867ea27134b782beb
- id: hooks/agent-prelaunch.sh
  kind: hook
  owner_adr: ADR-126
  lifecycle_state: blocking
  maturity: blocking
  distribution: lab
  runtime_projection: true
  projection_targets:
  - .claude/settings.json
  - hooks/agent-prelaunch.sh
  sha256: d2a0d16f9d6fa455f076ecc67ef7de5c8097512a0f6cf0ed01b89a6fcf4ccccb
- id: hooks/agent-working-dir-inject.sh
  kind: hook
  owner_adr: ADR-126
  lifecycle_state: sandbox
  maturity: advisory
  distribution: lab
  runtime_projection: true
  projection_targets:
  - .claude/settings.json
  - hooks/agent-working-dir-inject.sh
  sha256: ce68ad87fadab94d903724259842cd81a59deb4eb0617bf820457644a7b67909
- id: hooks/aspirational-audit-weekly.sh
  kind: hook
  owner_adr: ADR-126
  lifecycle_state: sandbox
  maturity: advisory
  distribution: lab
  runtime_projection: true
  projection_targets:
  - .claude/settings.json
  - hooks/aspirational-audit-weekly.sh
  sha256: a619862add820583b5a9aec3d074e35a6c531e6c8a3cbf0075d9733f1e49f162
- id: hooks/audit-id-enricher.sh
  kind: hook
  owner_adr: ADR-126
  lifecycle_state: sandbox
  maturity: advisory
  distribution: lab
  runtime_projection: true
  projection_targets:
  - .claude/settings.json
  - hooks/audit-id-enricher.sh
  sha256: be096a86d11686b615bfdc27d8ee770b620337975f22bf6490b7e7b6d236fc0f
- id: hooks/auto-checkpoint.sh
  kind: hook
  owner_adr: ADR-126
  lifecycle_state: sandbox
  maturity: observe
  distribution: lab
  runtime_projection: true
  projection_targets:
  - .claude/settings.json
  - hooks/auto-checkpoint.sh
  sha256: f1001628be600cb83dc46b1ffe201727c47fc3f414312ddaf5b842ea78d2f7b1
- id: hooks/auto-refine.sh
  kind: hook
  owner_adr: ADR-126
  lifecycle_state: sandbox
  maturity: advisory
  distribution: lab
  runtime_projection: true
  projection_targets:
  - .claude/settings.json
  - hooks/auto-refine.sh
  sha256: 783feaa4b2f732b2ad650d965d84e849c6ba17154871d3f66300b47df875baef
- id: hooks/auto-repair-dispatcher.sh
  kind: hook
  owner_adr: ADR-126
  lifecycle_state: sandbox
  maturity: advisory
  distribution: lab
  runtime_projection: true
  projection_targets:
  - .claude/settings.json
  - hooks/auto-repair-dispatcher.sh
  sha256: 7c5813ac55a8ffe245f2d9404ae172a3206ed3516b3885cedb06c2604df9a5a6
- id: hooks/auto-rollback-trigger.sh
  kind: hook
  owner_adr: ADR-126
  lifecycle_state: sandbox
  maturity: advisory
  distribution: lab
  runtime_projection: true
  projection_targets:
  - .claude/settings.json
  - hooks/auto-rollback-trigger.sh
  sha256: 735d880f9c5406af0647565f068caceee7431718ebcc6eff665b5702b38d06c0
- id: hooks/auto-verify.sh
  kind: hook
  owner_adr: ADR-126
  lifecycle_state: sandbox
  maturity: advisory
  distribution: lab
  runtime_projection: true
  projection_targets:
  - .claude/settings.json
  - hooks/auto-verify.sh
  sha256: 0e446fa0f81772b6ee18bde021e0bd69c0ebf744ded2df9e4d863f8327ee9ead
- id: hooks/blast-radius.sh
  kind: hook
  owner_adr: ADR-126
  lifecycle_state: sandbox
  maturity: observe
  distribution: lab
  runtime_projection: true
  projection_targets:
  - .claude/settings.json
  - hooks/blast-radius.sh
  sha256: f2843a5155213aeea5d3cd2b1c20f761b76bab33cfedc74ad4d00ee1c61ae6f0
- id: hooks/claim-validator.sh
  kind: hook
  owner_adr: ADR-126
  lifecycle_state: blocking
  maturity: blocking
  distribution: team
  runtime_projection: true
  projection_targets:
  - .claude/settings.json
  - hooks/claim-validator.sh
  sha256: 770058bc1db8c6f77ba074aab2893cb71b73800ea6cbde1a352027048234bc34
- id: hooks/clarification-gate.sh
  kind: hook
  owner_adr: ADR-126
  lifecycle_state: blocking
  maturity: blocking
  distribution: maintainer
  runtime_projection: true
  projection_targets:
  - .claude/settings.json
  - hooks/clarification-gate.sh
  sha256: a7d408e3dcaa4ecc9f573e2aeeadcfdb161356e790a2fa9ae6485f0352a0e361
- id: hooks/completeness-check.sh
  kind: hook
  owner_adr: ADR-126
  lifecycle_state: sandbox
  maturity: observe
  distribution: lab
  runtime_projection: true
  projection_targets:
  - .claude/settings.json
  - hooks/completeness-check.sh
  sha256: b8c5cfc6e62498ce9ced1659cff1e7dc64c89685cf51087a98a8164e9aa844b9
- id: hooks/completion-gate.sh
  kind: hook
  owner_adr: ADR-126
  lifecycle_state: sandbox
  maturity: advisory
  distribution: lab
  runtime_projection: true
  projection_targets:
  - .claude/settings.json
  - hooks/completion-gate.sh
  sha256: 36746cbb1b2875ef40be7d97292fd5a28119d3f87a65995d9c8c3eb4f7c416b5
- id: hooks/concurrent-write-guard.sh
  kind: hook
  owner_adr: ADR-126
  lifecycle_state: blocking
  maturity: blocking
  distribution: core
  runtime_projection: true
  projection_targets:
  - .claude/settings.json
  - hooks/concurrent-write-guard.sh
  sha256: 45654402c5c96b081b56c4aa23b656a114d73f9c91704bfee5361571222c7c00
- id: hooks/confidence-gate.sh
  kind: hook
  owner_adr: ADR-126
  lifecycle_state: blocking
  maturity: blocking
  distribution: maintainer
  runtime_projection: true
  projection_targets:
  - .claude/settings.json
  - hooks/confidence-gate.sh
  sha256: 8d861dce435d884224af1102380bce952e9f37537357226966089f2121f63b8c
- id: hooks/confidentiality-enforcer.sh
  kind: hook
  owner_adr: ADR-126
  lifecycle_state: blocking
  maturity: blocking
  distribution: lab
  runtime_projection: true
  projection_targets:
  - .claude/settings.json
  - hooks/confidentiality-enforcer.sh
  sha256: 47ad177aa33d366cd8dd77a5ee3bb49ff057b16ba799dd63c6a89ac99ac4df14
- id: hooks/content-policy.sh
  kind: hook
  owner_adr: ADR-126
  lifecycle_state: blocking
  maturity: blocking
  distribution: lab
  runtime_projection: true
  projection_targets:
  - .claude/settings.json
  - hooks/content-policy.sh
  sha256: 70144014406e7e051c1f3cb0a7828b9bb7754b0abbe23c0faef8d2d5a730acc0
- id: hooks/context-watchdog.sh
  kind: hook
  owner_adr: ADR-126
  lifecycle_state: demoted
  maturity: advisory
  distribution: maintainer
  runtime_projection: false
  projection_targets:
  - hooks/context-watchdog.sh
  sha256: be477df4bc65bbd376dee851a13a01f7e33aaa8bc4eab018268394de40117d35
- id: hooks/cos-executor-daemon-launcher.sh
  kind: hook
  owner_adr: ADR-126
  lifecycle_state: sandbox
  maturity: observe
  distribution: lab
  runtime_projection: true
  projection_targets:
  - .claude/settings.json
  - hooks/cos-executor-daemon-launcher.sh
  sha256: 2ef061783b39f9d7e4e23d716f3d3bfa8747eecb457a90a23e6b74fb3319b33c
- id: hooks/crash-recovery.sh
  kind: hook
  owner_adr: ADR-126
  lifecycle_state: sandbox
  maturity: observe
  distribution: lab
  runtime_projection: true
  projection_targets:
  - .claude/settings.json
  - hooks/crash-recovery.sh
  sha256: 878fce78ddecf4a9e07437103c4795e779444ee350a97b75d01f54db3cadd714
- id: hooks/dequeue-notify.sh
  kind: hook
  owner_adr: ADR-126
  lifecycle_state: sandbox
  maturity: advisory
  distribution: lab
  runtime_projection: true
  projection_targets:
  - .claude/settings.json
  - hooks/dequeue-notify.sh
  sha256: dd2bc45aa325b182c17188f9581d032c31e6c118bc301ecd75bed131e84af7a2
- id: hooks/destructive-git-blocker.sh
  kind: hook
  owner_adr: ADR-126
  lifecycle_state: blocking
  maturity: blocking
  distribution: core
  runtime_projection: true
  projection_targets:
  - .claude/settings.json
  - hooks/destructive-git-blocker.sh
  sha256: 4e23bf9b90c5eccaaeb34937f9dc6d7d87481aadb39dbd91b6fa8ed93a90d52f
- id: hooks/destructive-rm-blocker.sh
  kind: hook
  owner_adr: ADR-126
  lifecycle_state: advisory
  maturity: advisory
  distribution: core
  runtime_projection: true
  projection_targets:
  - .claude/settings.json
  - hooks/destructive-rm-blocker.sh
  sha256: 41fc8f074cb444530aba17028603044a8e777e5ec28d7eee30a3abd85b1fa313
- id: hooks/direct-main-guard.sh
  kind: hook
  owner_adr: ADR-126
  lifecycle_state: blocking
  maturity: blocking
  distribution: core
  runtime_projection: true
  projection_targets:
  - .claude/settings.json
  - hooks/direct-main-guard.sh
  sha256: 9832558d82ec051a651e460dc2161537d21b33ea42b619b8df793a643d7a5557
- id: hooks/dispatch-gate.sh
  kind: hook
  owner_adr: ADR-126
  lifecycle_state: blocking
  maturity: blocking
  distribution: lab
  runtime_projection: true
  projection_targets:
  - .claude/settings.json
  - hooks/dispatch-gate.sh
  sha256: 83f68f6c4c0d6096106ca7f6c87c3748c921b04dc3181c521ba307ae07e61397
- id: hooks/doc-sync-detector.sh
  kind: hook
  owner_adr: ADR-126
  lifecycle_state: sandbox
  maturity: advisory
  distribution: lab
  runtime_projection: true
  projection_targets:
  - .claude/settings.json
  - hooks/doc-sync-detector.sh
  sha256: b9159423cce7e0a39a11083f742b74e58d1d9c9912951f87be919400f5d2f93d
- id: hooks/docker-drift-detector.sh
  kind: hook
  owner_adr: ADR-126
  lifecycle_state: sandbox
  maturity: advisory
  distribution: lab
  runtime_projection: true
  projection_targets:
  - .claude/settings.json
  - hooks/docker-drift-detector.sh
  sha256: 5dff5caf93c8b2e4703f4b34e03554289b98bc69fa4935025531d778b0009d72
- id: hooks/dod-gate.sh
  kind: hook
  owner_adr: ADR-126
  lifecycle_state: sandbox
  maturity: advisory
  distribution: lab
  runtime_projection: true
  projection_targets:
  - .claude/settings.json
  - hooks/dod-gate.sh
  sha256: bcbfbe607d29555f6d072a3c0006f50f41fa2b6751b4e7cd7cd352fbc9746e41
- id: hooks/edit-lock-drain-parked.sh
  kind: hook
  owner_adr: ADR-126
  lifecycle_state: sandbox
  maturity: observe
  distribution: lab
  runtime_projection: true
  projection_targets:
  - .claude/settings.json
  - hooks/edit-lock-drain-parked.sh
  sha256: b57f0ab953921899c3f0d5e60352d049ea3ee36f75868812d6d16e8c689cd0fe
- id: hooks/edit-lock-pre-tool.sh
  kind: hook
  owner_adr: ADR-126
  lifecycle_state: blocking
  maturity: blocking
  distribution: core
  runtime_projection: true
  projection_targets:
  - .claude/settings.json
  - hooks/edit-lock-pre-tool.sh
  sha256: 6c3498601e323843710638ba2a27971b4e1972a155296ac441e4cd153f2a8d9e
- id: hooks/edit-lock-process-negotiations.sh
  kind: hook
  owner_adr: ADR-126
  lifecycle_state: sandbox
  maturity: observe
  distribution: lab
  runtime_projection: true
  projection_targets:
  - .claude/settings.json
  - hooks/edit-lock-process-negotiations.sh
  sha256: 1debac5091eb5e6152a83853afa3534160f872434446dc27215d8105a132c2cb
- id: hooks/edit-lock-session-end.sh
  kind: hook
  owner_adr: ADR-126
  lifecycle_state: sandbox
  maturity: observe
  distribution: lab
  runtime_projection: true
  projection_targets:
  - .claude/settings.json
  - hooks/edit-lock-session-end.sh
  sha256: d7a260cb00dee41736134126f6f51299236fead9dd162a21c6aff1a45b4370e3
- id: hooks/engram-crystallize-on-session-end.sh
  kind: hook
  owner_adr: ADR-126
  lifecycle_state: sandbox
  maturity: advisory
  distribution: lab
  runtime_projection: true
  projection_targets:
  - .claude/settings.json
  - hooks/engram-crystallize-on-session-end.sh
  sha256: 7dc0a0466c78ec2de23615f9b028079b2f8ad859e0bd24e917b031643c4a2ce5
- id: hooks/engram-daemon-launcher.sh
  kind: hook
  owner_adr: ADR-126
  lifecycle_state: advisory
  maturity: observe
  distribution: maintainer
  runtime_projection: true
  projection_targets:
  - .claude/settings.json
  - hooks/engram-daemon-launcher.sh
  sha256: ace18c99c0c0ffbc6264b7395edb6d880c681a103454fa6369b91b21deb6cdf9
- id: hooks/engram-reinforce-on-access.sh
  kind: hook
  owner_adr: ADR-126
  lifecycle_state: advisory
  maturity: advisory
  distribution: maintainer
  runtime_projection: true
  projection_targets:
  - .claude/settings.json
  - hooks/engram-reinforce-on-access.sh
  sha256: 768d091c8ad7188ed1527af0fd42b0e3fa98302352d9f473cf8ddcb7ffeacb7e
- id: hooks/error-learning.sh
  kind: hook
  owner_adr: ADR-126
  lifecycle_state: sandbox
  maturity: advisory
  distribution: lab
  runtime_projection: true
  projection_targets:
  - .claude/settings.json
  - hooks/error-learning.sh
  sha256: fa9e33eb6b967b8b2de5e24290a07bbdfffd4ef452e0f173f9fd02b2e7dfd65c
- id: hooks/error-pattern-detector.sh
  kind: hook
  owner_adr: ADR-126
  lifecycle_state: sandbox
  maturity: advisory
  distribution: lab
  runtime_projection: true
  projection_targets:
  - .claude/settings.json
  - hooks/error-pattern-detector.sh
  sha256: 1653bdcc373dd72682a2ca6055933fc8f53e76ab5fecf7daa52ff4531656aab1
- id: hooks/error-pipeline.sh
  kind: hook
  owner_adr: ADR-126
  lifecycle_state: sandbox
  maturity: advisory
  distribution: lab
  runtime_projection: true
  projection_targets:
  - .claude/settings.json
  - hooks/error-pipeline.sh
  sha256: 7539bc8538fae89ab1115880630f2f1326193fb2c26479d1153108a76a23b481
- id: hooks/git-commit-scope-guard.sh
  kind: hook
  owner_adr: ADR-126
  lifecycle_state: blocking
  maturity: blocking
  distribution: maintainer
  runtime_projection: true
  projection_targets:
  - .claude/settings.json
  - hooks/git-commit-scope-guard.sh
  sha256: 847e1cee6ad44de9c88b34a1b30f43e4176c24343a6cdd41f4059e46cc652b45
- id: hooks/git-context-capture.sh
  kind: hook
  owner_adr: ADR-126
  lifecycle_state: sandbox
  maturity: advisory
  distribution: lab
  runtime_projection: true
  projection_targets:
  - .claude/settings.json
  - hooks/git-context-capture.sh
  sha256: 23024832c18c8ba8b28ef29578d2ed940308317e27635ace7e921b64e14234ef
- id: hooks/hook-header-validator.sh
  kind: hook
  owner_adr: ADR-126
  lifecycle_state: blocking
  maturity: blocking
  distribution: lab
  runtime_projection: true
  projection_targets:
  - .claude/settings.json
  - hooks/hook-header-validator.sh
  sha256: 8802c88f5b665b52b57be67357cc9c6693516b05c00cc2b2f22f6c736b3671ab
- id: hooks/host-tool-doctor.sh
  kind: hook
  owner_adr: ADR-126
  lifecycle_state: sandbox
  maturity: observe
  distribution: lab
  runtime_projection: true
  projection_targets:
  - .claude/settings.json
  - hooks/host-tool-doctor.sh
  sha256: c5c5d655321ff53f3400b842f6fd968f3a105f9a3e8f8a776bdf8036a26da46d
- id: hooks/infra-health.sh
  kind: hook
  owner_adr: ADR-126
  lifecycle_state: sandbox
  maturity: advisory
  distribution: lab
  runtime_projection: true
  projection_targets:
  - .claude/settings.json
  - hooks/infra-health.sh
  sha256: 1c760d501cb4daef6c845ab7fd75d7a3bd2db3388efee0d3ecae92a39bd8995f
- id: hooks/inject-phase-context.sh
  kind: hook
  owner_adr: ADR-126
  lifecycle_state: sandbox
  maturity: observe
  distribution: lab
  runtime_projection: true
  projection_targets:
  - .claude/settings.json
  - hooks/inject-phase-context.sh
  sha256: a384f6a27889c3ac62b76ef0bfc3e4896e04fb5a3ed2254cdb33fdf12551171d
- id: hooks/kpi-trigger.sh
  kind: hook
  owner_adr: ADR-126
  lifecycle_state: sandbox
  maturity: advisory
  distribution: lab
  runtime_projection: true
  projection_targets:
  - .claude/settings.json
  - hooks/kpi-trigger.sh
  sha256: 008bb7fac2c1ce129ba48e6869b2b7497f21c249385eaab7f7b2f72fc9b6afcc
- id: hooks/large-file-advisor.sh
  kind: hook
  owner_adr: ADR-126
  lifecycle_state: sandbox
  maturity: advisory
  distribution: lab
  runtime_projection: true
  projection_targets:
  - .claude/settings.json
  - hooks/large-file-advisor.sh
  sha256: 557a0822c14e837e9fef3e34290885fcdbd3f168ad83874ea4b73f597e68b9c3
- id: hooks/lethal-trifecta-gate.sh
  kind: hook
  owner_adr: ADR-126
  lifecycle_state: blocking
  maturity: blocking
  distribution: lab
  runtime_projection: true
  projection_targets:
  - .claude/settings.json
  - hooks/lethal-trifecta-gate.sh
  sha256: 90f8a303829212c4b7cc5c1a4d7da2daeb2defa08e9179895b660ab10a7f0789
- id: hooks/mcp-scan.sh
  kind: hook
  owner_adr: ADR-126
  lifecycle_state: sandbox
  maturity: advisory
  distribution: lab
  runtime_projection: true
  projection_targets:
  - .claude/settings.json
  - hooks/mcp-scan.sh
  sha256: 4d6ae210e9ee452f0ea6d9112f0adae1c1f003f4212c6d51f7949294f9898ba0
- id: hooks/memory-prefetch.sh
  kind: hook
  owner_adr: ADR-126
  lifecycle_state: sandbox
  maturity: observe
  distribution: lab
  runtime_projection: true
  projection_targets:
  - .claude/settings.json
  - hooks/memory-prefetch.sh
  sha256: 5ffd5b99782f27f7dda5bcde72c510d015acc1a033ee299c4b85de7525bd413a
- id: hooks/native-agent-heartbeat.sh
  kind: hook
  owner_adr: ADR-126
  lifecycle_state: sandbox
  maturity: advisory
  distribution: lab
  runtime_projection: true
  projection_targets:
  - .claude/settings.json
  - hooks/native-agent-heartbeat.sh
  sha256: 6bdb70e3e07e728f149ac217541bef7334182ef6a55b576d0d9aa7ba9dc2144c
- id: hooks/orchestrator-claim-gate.sh
  kind: hook
  owner_adr: ADR-126
  lifecycle_state: blocking
  maturity: blocking
  distribution: team
  runtime_projection: true
  projection_targets:
  - .claude/settings.json
  - hooks/orchestrator-claim-gate.sh
  sha256: 926f633fc61f0c3db64288e7b3b5483e18304d556b8654a13ec4d1a88eda2f6f
- id: hooks/plan-claim-validator.sh
  kind: hook
  owner_adr: ADR-126
  lifecycle_state: blocking
  maturity: blocking
  distribution: team
  runtime_projection: true
  projection_targets:
  - .claude/settings.json
  - hooks/plan-claim-validator.sh
  sha256: 1b1c5223b11887052640f3828ea13a04b0c975212d55ab9c81c43c4f06ea88e4
- id: hooks/post-agent-snapshot-restore.sh
  kind: hook
  owner_adr: ADR-126
  lifecycle_state: sandbox
  maturity: advisory
  distribution: lab
  runtime_projection: true
  projection_targets:
  - .claude/settings.json
  - hooks/post-agent-snapshot-restore.sh
  sha256: 9382971145accb9dffcf1f60c9408297247e98c1a67b8d09afd3278251511425
- id: hooks/post-agent-verify.sh
  kind: hook
  owner_adr: ADR-126
  lifecycle_state: sandbox
  maturity: advisory
  distribution: lab
  runtime_projection: true
  projection_targets:
  - .claude/settings.json
  - hooks/post-agent-verify.sh
  sha256: cdefc33dcd445b9a60df5aa020f532949515e69765ff3c1f1ed24b23f3a12477
- id: hooks/post-git-orphan-notifier.sh
  kind: hook
  owner_adr: ADR-126
  lifecycle_state: sandbox
  maturity: advisory
  distribution: lab
  runtime_projection: true
  projection_targets:
  - .claude/settings.json
  - hooks/post-git-orphan-notifier.sh
  sha256: 80c3d793fdb500b5477502bab5f81a21889d06f8c5dfae1a94c77201258f670a
- id: hooks/pre-agent-snapshot.sh
  kind: hook
  owner_adr: ADR-126
  lifecycle_state: sandbox
  maturity: advisory
  distribution: lab
  runtime_projection: true
  projection_targets:
  - .claude/settings.json
  - hooks/pre-agent-snapshot.sh
  sha256: 0b7989b0449b27a703449b210761c681ae8457a73521d3180451800fbad40be2
- id: hooks/pre-commit-content-hash-dedupe.sh
  kind: hook
  owner_adr: ADR-126
  lifecycle_state: blocking
  maturity: blocking
  distribution: maintainer
  runtime_projection: true
  projection_targets:
  - .claude/settings.json
  - hooks/pre-commit-content-hash-dedupe.sh
  sha256: c11f1ff4b025e0d381473eabe7352618f528943c25b80eb1aa507d7d1715fc5c
- id: hooks/pre-compaction-flush.sh
  kind: hook
  owner_adr: ADR-126
  lifecycle_state: sandbox
  maturity: observe
  distribution: lab
  runtime_projection: true
  projection_targets:
  - .claude/settings.json
  - hooks/pre-compaction-flush.sh
  sha256: f822ab6131cb1b8672b0bd8bee98ff940183bd2adde0f99985057692a8407fb0
- id: hooks/predev-completeness-check.sh
  kind: hook
  owner_adr: ADR-126
  lifecycle_state: blocking
  maturity: blocking
  distribution: lab
  runtime_projection: true
  projection_targets:
  - .claude/settings.json
  - hooks/predev-completeness-check.sh
  sha256: 1f3cbc681eb7424444c38a4abd57208c7c7628d42b83fa7db1a06294d19ff270
- id: hooks/private-mode-gate.sh
  kind: hook
  owner_adr: ADR-126
  lifecycle_state: sandbox
  maturity: observe
  distribution: lab
  runtime_projection: true
  projection_targets:
  - .claude/settings.json
  - hooks/private-mode-gate.sh
  sha256: c0e2a3a942cf6faee010a9ffc4b00f0fe9ed555b11fbc15e509654c1e8e20380
- id: hooks/private-mode-metrics-gate.sh
  kind: hook
  owner_adr: ADR-126
  lifecycle_state: sandbox
  maturity: advisory
  distribution: lab
  runtime_projection: true
  projection_targets:
  - .claude/settings.json
  - hooks/private-mode-metrics-gate.sh
  sha256: a7d6771c9813552c89ddb41d1fe3125537ec922e516d20a7cf96c682d9baa00c
- id: hooks/profile-drift-autoapply.sh
  kind: hook
  owner_adr: ADR-126
  lifecycle_state: sandbox
  maturity: observe
  distribution: lab
  runtime_projection: true
  projection_targets:
  - .claude/settings.json
  - hooks/profile-drift-autoapply.sh
  sha256: a6db119c3ecb7286d88c827509505f80646de34f1e251d8a1817ae3292bcec3f
- id: hooks/project-docs-convention.sh
  kind: hook
  owner_adr: ADR-126
  lifecycle_state: blocking
  maturity: blocking
  distribution: lab
  runtime_projection: true
  projection_targets:
  - .claude/settings.json
  - hooks/project-docs-convention.sh
  sha256: 76179e5e2e254dca2ec12ca265f37adcb55aed59a898b3447c959830ccd4c8ae
- id: hooks/query-tailored-context-inject.sh
  kind: hook
  owner_adr: ADR-126
  lifecycle_state: sandbox
  maturity: observe
  distribution: lab
  runtime_projection: true
  projection_targets:
  - .claude/settings.json
  - hooks/query-tailored-context-inject.sh
  sha256: 6701a6fbf1b6c5343ea3ceae458dcf50d454a2527db4945b1eb78bef7147a7d2
- id: hooks/rate-limit-detector.sh
  kind: hook
  owner_adr: ADR-126
  lifecycle_state: sandbox
  maturity: advisory
  distribution: lab
  runtime_projection: true
  projection_targets:
  - .claude/settings.json
  - hooks/rate-limit-detector.sh
  sha256: 8fd83ddee4d088dfccf00548275c1214b665c3735e8698851c1b538209eecf09
- id: hooks/rate-limit-drain.sh
  kind: hook
  owner_adr: ADR-126
  lifecycle_state: sandbox
  maturity: advisory
  distribution: lab
  runtime_projection: true
  projection_targets:
  - .claude/settings.json
  - hooks/rate-limit-drain.sh
  sha256: b84b680f58cc2af9a12cb866e354ff7854e9a4a427529d6710e0a1f6536dbcfb
- id: hooks/rate-limit-precheck.sh
  kind: hook
  owner_adr: ADR-126
  lifecycle_state: advisory
  maturity: advisory
  distribution: maintainer
  runtime_projection: true
  projection_targets:
  - .claude/settings.json
  - hooks/rate-limit-precheck.sh
  sha256: 66ed50b41e25936206a8915b6f9b50fb9fad2dbc0ead4179131fb314832883f5
- id: hooks/rate-limiter.sh
  kind: hook
  owner_adr: ADR-126
  lifecycle_state: blocking
  maturity: blocking
  distribution: lab
  runtime_projection: true
  projection_targets:
  - .claude/settings.json
  - hooks/rate-limiter.sh
  sha256: c4a929cda55871b53940bfe38b5fbc121654f940f21ac3ccae8237320d43b05d
- id: hooks/reaper-daemon-launcher.sh
  kind: hook
  owner_adr: ADR-126
  lifecycle_state: sandbox
  maturity: observe
  distribution: lab
  runtime_projection: true
  projection_targets:
  - .claude/settings.json
  - hooks/reaper-daemon-launcher.sh
  sha256: dacfdee3e74a6ae1113c67801d83cb878d356636d25a2cabe310b7348a072907
- id: hooks/reinvention-check.sh
  kind: hook
  owner_adr: ADR-126
  lifecycle_state: sandbox
  maturity: advisory
  distribution: lab
  runtime_projection: true
  projection_targets:
  - .claude/settings.json
  - hooks/reinvention-check.sh
  sha256: 8f47f4a39cc254dfb758c8c39c31c4622a0f37f6c319650ca763ee579e5c417c
- id: hooks/result-truncator.sh
  kind: hook
  owner_adr: ADR-126
  lifecycle_state: sandbox
  maturity: advisory
  distribution: lab
  runtime_projection: true
  projection_targets:
  - .claude/settings.json
  - hooks/result-truncator.sh
  sha256: 587a3ba8710a7880f99d2886d60b9bd43791d604075769f5ee27027d1616a4c3
- id: hooks/review-spawner.sh
  kind: hook
  owner_adr: ADR-126
  lifecycle_state: sandbox
  maturity: advisory
  distribution: lab
  runtime_projection: true
  projection_targets:
  - .claude/settings.json
  - hooks/review-spawner.sh
  sha256: 33e0ce40002778a10fbd15d88a80608a754a8baa53cf6b3eef4b4d7a9879e69b
- id: hooks/rule-frontmatter-validator.sh
  kind: hook
  owner_adr: ADR-126
  lifecycle_state: blocking
  maturity: blocking
  distribution: lab
  runtime_projection: true
  projection_targets:
  - .claude/settings.json
  - hooks/rule-frontmatter-validator.sh
  sha256: 11f028099d224f3b25602e2cc61874045d24b9b1faf29ddc0bb0f80352b1c275
- id: hooks/scope-marker-portability-gate.sh
  kind: hook
  owner_adr: ADR-126
  lifecycle_state: blocking
  maturity: blocking
  distribution: core
  runtime_projection: true
  projection_targets:
  - .claude/settings.json
  - hooks/scope-marker-portability-gate.sh
  sha256: db936130703e0299115e1e7df0a604d026a54cdf35c46135865463406af96f71
- id: hooks/secret-detector.sh
  kind: hook
  owner_adr: ADR-126
  lifecycle_state: blocking
  maturity: blocking
  distribution: core
  runtime_projection: true
  projection_targets:
  - .claude/settings.json
  - hooks/secret-detector.sh
  sha256: b03cb1cc10b5e95f88065265d095c42612cffe85945de6cbd0f6af07f07edfb7
- id: hooks/self-install.sh
  kind: hook
  owner_adr: ADR-126
  lifecycle_state: sandbox
  maturity: advisory
  distribution: lab
  runtime_projection: true
  projection_targets:
  - .claude/settings.json
  - hooks/self-install.sh
  sha256: 09c23098220aadcddabe42e1fcaf45ad33d8f185a9fc08ce349eac59367cf0f0
- id: hooks/self-knowledge-refresh.sh
  kind: hook
  owner_adr: ADR-126
  lifecycle_state: sandbox
  maturity: advisory
  distribution: lab
  runtime_projection: true
  projection_targets:
  - .claude/settings.json
  - hooks/self-knowledge-refresh.sh
  sha256: 6f566ef088b4346c57fcb4bcdd54bb11b3c53ccad822d73ed5e5a99688dd056c
- id: hooks/session-changelog.sh
  kind: hook
  owner_adr: ADR-126
  lifecycle_state: sandbox
  maturity: observe
  distribution: lab
  runtime_projection: true
  projection_targets:
  - .claude/settings.json
  - hooks/session-changelog.sh
  sha256: 2911b3e20b4cadf51a84da9ffbd0a62a3cd881985072604d516281e6a21ee5e9
- id: hooks/session-cleanup.sh
  kind: hook
  owner_adr: ADR-126
  lifecycle_state: sandbox
  maturity: advisory
  distribution: lab
  runtime_projection: true
  projection_targets:
  - .claude/settings.json
  - hooks/session-cleanup.sh
  sha256: ff516770ac2a3df1d2244a6d4238e0678e2d432b0f91113b63a413ab2f2a3250
- id: hooks/session-end-reap.sh
  kind: hook
  owner_adr: ADR-126
  lifecycle_state: sandbox
  maturity: observe
  distribution: lab
  runtime_projection: true
  projection_targets:
  - .claude/settings.json
  - hooks/session-end-reap.sh
  sha256: f287f9ba3999efccf37686a5f846a56bd92d5609cacd2c25601d078b3f45077b
- id: hooks/session-heartbeat.sh
  kind: hook
  owner_adr: ADR-126
  lifecycle_state: sandbox
  maturity: observe
  distribution: lab
  runtime_projection: true
  projection_targets:
  - .claude/settings.json
  - hooks/session-heartbeat.sh
  sha256: 960bc14cc5d0f3ac16d6b35aa54551a73835997cac24ae513c4c1da11404dc11
- id: hooks/session-init.sh
  kind: hook
  owner_adr: ADR-126
  lifecycle_state: advisory
  maturity: advisory
  distribution: maintainer
  runtime_projection: true
  projection_targets:
  - .claude/settings.json
  - hooks/session-init.sh
  sha256: edc12afe3cfff993c0767e2bdf183cc1b7134d72fbc987ff3d438fb3996ada30
- id: hooks/session-learning.sh
  kind: hook
  owner_adr: ADR-126
  lifecycle_state: sandbox
  maturity: advisory
  distribution: lab
  runtime_projection: true
  projection_targets:
  - .claude/settings.json
  - hooks/session-learning.sh
  sha256: ca0121c2e4e1b1e55dc482144a8a41a52485aaf98204db2d33f02899daeb5d68
- id: hooks/session-resume.sh
  kind: hook
  owner_adr: ADR-126
  lifecycle_state: advisory
  maturity: observe
  distribution: maintainer
  runtime_projection: true
  projection_targets:
  - .claude/settings.json
  - hooks/session-resume.sh
  sha256: 9656ae398549edc34e193961921ee284d83f590dfb140f9b6faa542de81fd4ca
- id: hooks/session-sanity.sh
  kind: hook
  owner_adr: ADR-126
  lifecycle_state: sandbox
  maturity: observe
  distribution: lab
  runtime_projection: true
  projection_targets:
  - .claude/settings.json
  - hooks/session-sanity.sh
  sha256: 4c6e88f8c2c1c42b3c59e949ff54cec1f3a04f0015edc2788f3ccd0f7046632d
- id: hooks/session-start-stash-reapply.sh
  kind: hook
  owner_adr: ADR-126
  lifecycle_state: advisory
  maturity: advisory
  distribution: maintainer
  runtime_projection: true
  projection_targets:
  - .claude/settings.json
  - hooks/session-start-stash-reapply.sh
  sha256: 7d0cd630752c57d21be5feed5582efb3a115e6e221982073a803e9f7fa07a887
- id: hooks/session-start-worktree-nudge.sh
  kind: hook
  owner_adr: ADR-126
  lifecycle_state: sandbox
  maturity: advisory
  distribution: lab
  runtime_projection: true
  projection_targets:
  - .claude/settings.json
  - hooks/session-start-worktree-nudge.sh
  sha256: a5bfee6c4b369bcc56e45810c5ae63c9719799ee5bddf4566871b59a9a5e407c
- id: hooks/session-startup-protocol.sh
  kind: hook
  owner_adr: ADR-126
  lifecycle_state: sandbox
  maturity: advisory
  distribution: lab
  runtime_projection: true
  projection_targets:
  - .claude/settings.json
  - hooks/session-startup-protocol.sh
  sha256: b3b83dc6a2aa094233b6528451af906aa9d01ede851bbaa8a6bacd2891888159
- id: hooks/session-summary-reminder.sh
  kind: hook
  owner_adr: ADR-126
  lifecycle_state: sandbox
  maturity: advisory
  distribution: lab
  runtime_projection: true
  projection_targets:
  - .claude/settings.json
  - hooks/session-summary-reminder.sh
  sha256: f5183b4b06a5a9414019b1028b97d6765bd3bdaed92315401eab16567f8c7137
- id: hooks/session-watchdog-launcher.sh
  kind: hook
  owner_adr: ADR-126
  lifecycle_state: sandbox
  maturity: observe
  distribution: lab
  runtime_projection: true
  projection_targets:
  - .claude/settings.json
  - hooks/session-watchdog-launcher.sh
  sha256: 6159ebc0757aadac3c646fe1f688c1eeb1e8d5fd61128cd5415f54ad9a8c0c72
- id: hooks/session-wrapup-trigger.sh
  kind: hook
  owner_adr: ADR-126
  lifecycle_state: sandbox
  maturity: advisory
  distribution: lab
  runtime_projection: true
  projection_targets:
  - .claude/settings.json
  - hooks/session-wrapup-trigger.sh
  sha256: cd3b1fe7ee07dfc0bb9f378468c314af4e15fe718db3b775ce8b148da550c1b9
- id: hooks/skill-failure-monitor.sh
  kind: hook
  owner_adr: ADR-126
  lifecycle_state: sandbox
  maturity: advisory
  distribution: lab
  runtime_projection: true
  projection_targets:
  - .claude/settings.json
  - hooks/skill-failure-monitor.sh
  sha256: 752342a03aeadd852d916f0767da44078de72c5b1691a908a832c91c2f327f36
- id: hooks/skill-feedback-tracker.sh
  kind: hook
  owner_adr: ADR-126
  lifecycle_state: sandbox
  maturity: advisory
  distribution: lab
  runtime_projection: true
  projection_targets:
  - .claude/settings.json
  - hooks/skill-feedback-tracker.sh
  sha256: 5417bd455e80763ed0ce836344ad9e010f1880f2b3445f1f150b39315858d17d
- id: hooks/skill-frontmatter-validator.sh
  kind: hook
  owner_adr: ADR-126
  lifecycle_state: blocking
  maturity: blocking
  distribution: lab
  runtime_projection: true
  projection_targets:
  - .claude/settings.json
  - hooks/skill-frontmatter-validator.sh
  sha256: ef0bb1dc5fd7b619cad284069d894cdf4059684ab16c7abb74e4780b87524f6c
- id: hooks/skill-invocation-logger.sh
  kind: hook
  owner_adr: ADR-126
  lifecycle_state: sandbox
  maturity: advisory
  distribution: lab
  runtime_projection: true
  projection_targets:
  - .claude/settings.json
  - hooks/skill-invocation-logger.sh
  sha256: 683eb1088fa84abccd0f327c90f8394c61393c07851283d84a6f6bd7d0843251
- id: hooks/skill-synthesis-scanner.sh
  kind: hook
  owner_adr: ADR-126
  lifecycle_state: sandbox
  maturity: advisory
  distribution: lab
  runtime_projection: true
  projection_targets:
  - .claude/settings.json
  - hooks/skill-synthesis-scanner.sh
  sha256: 34d67afba90ffb277abc9f5bdf67b045b4b8a5c675c71fcdbcf7a98cb92b9fbd
- id: hooks/skill-tracker.sh
  kind: hook
  owner_adr: ADR-126
  lifecycle_state: sandbox
  maturity: advisory
  distribution: lab
  runtime_projection: true
  projection_targets:
  - .claude/settings.json
  - hooks/skill-tracker.sh
  sha256: f235e62c829da49046ddf0f6db5dbfdf72fc7300e5eac6683f591f9b01e3834a
- id: hooks/skill-usage-tracker.sh
  kind: hook
  owner_adr: ADR-126
  lifecycle_state: sandbox
  maturity: advisory
  distribution: lab
  runtime_projection: true
  projection_targets:
  - .claude/settings.json
  - hooks/skill-usage-tracker.sh
  sha256: 97962880c9a86079f1f9839c15546b36b3f6265add10a438126ea877bb98d777
- id: hooks/stash-budget-warn.sh
  kind: hook
  owner_adr: ADR-126
  lifecycle_state: sandbox
  maturity: advisory
  distribution: lab
  runtime_projection: true
  projection_targets:
  - .claude/settings.json
  - hooks/stash-budget-warn.sh
  sha256: 07fcf293faf0e9afa2d53c83d6e3da07495bf00e9aa760d734f705dff8893d4f
- id: hooks/state-heartbeat.sh
  kind: hook
  owner_adr: ADR-126
  lifecycle_state: sandbox
  maturity: observe
  distribution: lab
  runtime_projection: true
  projection_targets:
  - .claude/settings.json
  - hooks/state-heartbeat.sh
  sha256: bfed0c850bdda00ac5b6adf0f4d0ca484344a83391cdbc5d3f833371fbc06c1b
- id: hooks/subagent-context-injector.sh
  kind: hook
  owner_adr: ADR-126
  lifecycle_state: sandbox
  maturity: observe
  distribution: lab
  runtime_projection: true
  projection_targets:
  - .claude/settings.json
  - hooks/subagent-context-injector.sh
  sha256: 79973a09d5f0928e6e0866d2830f2c6e748686462258e6934afd12c13fe33cfd
- id: hooks/surface-fix-detector.sh
  kind: hook
  owner_adr: ADR-126
  lifecycle_state: sandbox
  maturity: advisory
  distribution: lab
  runtime_projection: true
  projection_targets:
  - .claude/settings.json
  - hooks/surface-fix-detector.sh
  sha256: 5fde08a3e3cdca5fa397f4952baadd9982612b9961df88a9384a3aed66353ab2
- id: hooks/symlink-mutation-guard.sh
  kind: hook
  owner_adr: ADR-126
  lifecycle_state: blocking
  maturity: blocking
  distribution: core
  runtime_projection: true
  projection_targets:
  - .claude/settings.json
  - hooks/symlink-mutation-guard.sh
  sha256: acac3857e8ea09dbbb82a6c84e4a4b1aeeb959d8ddd6432c686530ed20f0847e
- id: hooks/task-completed.sh
  kind: hook
  owner_adr: ADR-126
  lifecycle_state: demoted
  maturity: blocking
  distribution: team
  runtime_projection: false
  projection_targets:
  - hooks/task-completed.sh
  sha256: da1cc4df5cffdeec924dac102d065a3e27b623fbe85fc9ccedddf61c23bf29fc
- id: hooks/task-created.sh
  kind: hook
  owner_adr: ADR-126
  lifecycle_state: blocking
  maturity: blocking
  distribution: lab
  runtime_projection: true
  projection_targets:
  - .claude/settings.json
  - hooks/task-created.sh
  sha256: ba9e911ba8e5fabda3d394fd588bee66c0b32ee09ec94f87c779c87680484f94
- id: hooks/teammate-idle.sh
  kind: hook
  owner_adr: ADR-126
  lifecycle_state: blocking
  maturity: blocking
  distribution: lab
  runtime_projection: true
  projection_targets:
  - .claude/settings.json
  - hooks/teammate-idle.sh
  sha256: ee9fdd01c65dc2e87b92e9cae85c6f124fe2cb1f4fbf5d236e77fd0adce87eed
- id: hooks/tool-sequence-capture.sh
  kind: hook
  owner_adr: ADR-126
  lifecycle_state: sandbox
  maturity: advisory
  distribution: lab
  runtime_projection: true
  projection_targets:
  - .claude/settings.json
  - hooks/tool-sequence-capture.sh
  sha256: 44af34bc03e306a5ce292a3bc2fb94729108a86e2b7931d68fa31f983df013c1
- id: hooks/trust-score-validator.sh
  kind: hook
  owner_adr: ADR-126
  lifecycle_state: sandbox
  maturity: advisory
  distribution: lab
  runtime_projection: true
  projection_targets:
  - .claude/settings.json
  - hooks/trust-score-validator.sh
  sha256: 266d9cf946f771e188284729bc88d7ba9fd5e15b35e65bb6db42ad9172733592
- id: hooks/user-prompt-capture.sh
  kind: hook
  owner_adr: ADR-126
  lifecycle_state: sandbox
  maturity: advisory
  distribution: lab
  runtime_projection: true
  projection_targets:
  - .claude/settings.json
  - hooks/user-prompt-capture.sh
  sha256: 116643144e6dbbcae061f67bced1ff187ef1c0135afdc631d8b7551b7341d6bb
- id: hooks/validation-lock-cleanup.sh
  kind: hook
  owner_adr: ADR-126
  lifecycle_state: advisory
  maturity: advisory
  distribution: maintainer
  runtime_projection: true
  projection_targets:
  - .claude/settings.json
  - hooks/validation-lock-cleanup.sh
  sha256: f397c59661413425c8ff4cf0401f5a3c9a434c0185ae1f9a070f572935c32a37
- id: hooks/work-queue-sync.sh
  kind: hook
  owner_adr: ADR-126
  lifecycle_state: sandbox
  maturity: advisory
  distribution: lab
  runtime_projection: true
  projection_targets:
  - .claude/settings.json
  - hooks/work-queue-sync.sh
  sha256: 01716e4fd4d5c692214f183dfcea9b59be4ca7702df8515f42d5594b54798fcf
- id: scripts/cos-active-primitive-index
  kind: script
  owner_adr: ADR-127
  lifecycle_state: advisory
  maturity: advisory
  distribution: maintainer
  runtime_projection: false
  projection_targets:
  - scripts/cos-active-primitive-index
  - scripts/active_primitive_index.py
  - docs/adrs/ADR-127-active-primitive-index.md
  sha256: 37bf943b58d07bde68d634280f0bcd887951307a6efac25b4a42bddf03212235
- id: scripts/cos-adoption-profile
  kind: script
  owner_adr: ADR-124
  lifecycle_state: advisory
  maturity: advisory
  distribution: maintainer
  runtime_projection: false
  projection_targets:
  - scripts/cos-adoption-profile
  - scripts/cos_adoption_profile.py
  - docs/architecture/boring-reliability-control-plane.md
  sha256: f409919e7f1cab8468f56bad6bd11ff523a3ad8b2e1f86bad3c5298a9a2eb8ba
- id: scripts/cos-architecture-readiness
  kind: script
  owner_adr: ADR-127
  lifecycle_state: advisory
  maturity: advisory
  distribution: maintainer
  runtime_projection: false
  projection_targets:
  - scripts/cos-architecture-readiness
  - scripts/cos_architecture_readiness.py
  - docs/adrs/ADR-127-active-primitive-index.md
  - docs/adrs/ADR-128-data-layer-integrity-fixes.md
  sha256: 9d6f6183f54c672de29f6b70cc03ac2f7b359e9bd6da3f0261283e6013fcd811
- id: scripts/cos-boring-reliability
  kind: script
  owner_adr: ADR-125
  lifecycle_state: advisory
  maturity: advisory
  distribution: maintainer
  runtime_projection: false
  projection_targets:
  - scripts/cos-boring-reliability
  - scripts/cos_boring_reliability.py
  - docs/architecture/boring-reliability-control-plane.md
  sha256: d8742cc82f90d416a40b0cf9014554db77ae9305040cb6500ba6b20077504442
- id: scripts/cos-ci-local.sh
  kind: script
  owner_adr: ADR-131
  lifecycle_state: blocking
  maturity: blocking
  distribution: maintainer
  runtime_projection: false
  projection_targets:
  - scripts/cos-ci-local.sh
  - git-hooks/pre-push
  - docs/adrs/ADR-131-local-ci-migration.md
  sha256: 22ba5c90b38652f1307919ec2b93d664b4787bc96b36067dfac7b3cfd13c3d63
- id: scripts/cos-cross-instance-drill
  kind: script
  owner_adr: ADR-136
  lifecycle_state: advisory
  maturity: advisory
  distribution: maintainer
  runtime_projection: false
  projection_targets:
  - scripts/cos-cross-instance-drill
  - scripts/cos_cross_instance_drill.py
  - lib/cross_instance_learning.py
  - docs/architecture/cross-instance-learning-runway.md
  sha256: 94788d3287568e9b0613c855f69190aeb6fbaf5d11a081d3d78bd4e5ea4f360c
- id: scripts/cos-demotion-loop-audit
  kind: script
  owner_adr: ADR-126
  lifecycle_state: advisory
  maturity: advisory
  distribution: maintainer
  runtime_projection: false
  projection_targets:
  - scripts/cos-demotion-loop-audit
  - scripts/cos_demotion_loop_audit.py
  - docs/adrs/ADR-126-agentic-primitive-lifecycle-governor.md
  sha256: 5bffcbcbdceeb1e9118edd46873e2f6dd79a20555dfd93c5f5d96431a8a5a518
- id: scripts/cos-dispatch-smoke
  kind: script
  owner_adr: ADR-128
  lifecycle_state: advisory
  maturity: advisory
  distribution: maintainer
  runtime_projection: false
  projection_targets:
  - scripts/cos-dispatch-smoke
  - scripts/cos_dispatch_smoke.py
  - docs/runbooks/llm-dispatch.md
  sha256: 7071328ee7e735e160199622d03907121bf61d4d1cae9212b7b5086c768b60d7
- id: scripts/cos-doctor-preserve
  kind: doctor
  owner_adr: ADR-116
  lifecycle_state: sandbox
  maturity: advisory
  distribution: lab
  runtime_projection: false
  projection_targets:
  - scripts/cos-doctor-preserve.sh
  - docs/architecture/preserve-branch-lifecycle.md
  sha256: 3562cf85616a0f071c5dbdc5a2591e277f50156867efb9071e321199125ac770
- id: scripts/cos-doctrine-proposer
  kind: script
  owner_adr: ADR-135
  lifecycle_state: advisory
  maturity: advisory
  distribution: maintainer
  runtime_projection: false
  projection_targets:
  - scripts/cos-doctrine-proposer
  - scripts/cos_doctrine_proposer.py
  - lib/doctrine_proposer.py
  - docs/adrs/ADR-135-self-evolving-doctrine-proposals.md
  sha256: 46b1e85597b72500cee5a0038271fa27620d21572fa4bf49d3f16213e183c195
- id: scripts/cos-engram-bundle
  kind: script
  owner_adr: ADR-136
  lifecycle_state: advisory
  maturity: advisory
  distribution: maintainer
  runtime_projection: false
  projection_targets:
  - scripts/cos-engram-bundle
  - scripts/cos-engram-import-propose
  - scripts/cos_cross_instance_learning.py
  - lib/cross_instance_learning.py
  sha256: d7004c32e3943fe34075d66f92d7eabe6e67adde2ee2b178695abf7de1eaffbd
- id: scripts/cos-export-consumer-evidence
  kind: script
  owner_adr: ADR-136
  lifecycle_state: advisory
  maturity: advisory
  distribution: maintainer
  runtime_projection: false
  projection_targets:
  - scripts/cos-export-consumer-evidence
  - scripts/cos_cross_instance_learning.py
  - lib/cross_instance_learning.py
  - manifests/external-adoption-evidence.yaml
  sha256: 655a642b267e3b1dea230b383d91b7458cfbb77b8207a2b51e4385bc3632d06c
- id: scripts/cos-federation-trigger-audit
  kind: script
  owner_adr: ADR-136
  lifecycle_state: advisory
  maturity: advisory
  distribution: maintainer
  runtime_projection: false
  projection_targets:
  - scripts/cos-federation-trigger-audit
  - scripts/cos_cross_instance_learning.py
  - lib/cross_instance_learning.py
  - manifests/federation-triggers.yaml
  sha256: d7fcec9d8752be217e27b07f6b80081cad7f6d823fa1f5930a477971430017f0
- id: scripts/cos-import-consumer-evidence
  kind: script
  owner_adr: ADR-136
  lifecycle_state: advisory
  maturity: advisory
  distribution: maintainer
  runtime_projection: false
  projection_targets:
  - scripts/cos-import-consumer-evidence
  - scripts/cos_cross_instance_learning.py
  - lib/cross_instance_learning.py
  - manifests/external-adoption-evidence.yaml
  sha256: e2e8535cadb5df441bb49ebcb02722fa3fd2b8f3476e95b0cabdbb345ee0bec9
- id: scripts/cos-lab-first-gate
  kind: script
  owner_adr: ADR-133
  lifecycle_state: blocking
  maturity: blocking
  distribution: maintainer
  runtime_projection: false
  projection_targets:
  - scripts/cos-lab-first-gate
  - scripts/lab_first_promotion_gate.py
  - manifests/primitive-lifecycle.yaml
  sha256: 8b9fd804a957643e85701fbac27f8912c51ac805be935dda7bf9e6cc12e4145e
- id: scripts/cos-manifest-tier-claim-audit
  kind: script
  owner_adr: ADR-132
  lifecycle_state: advisory
  maturity: advisory
  distribution: maintainer
  runtime_projection: false
  projection_targets:
  - scripts/cos-manifest-tier-claim-audit
  - scripts/cos_manifest_tier_claim_audit.py
  - manifests/primitive-lifecycle.yaml
  - docs/adrs/ADR-132-solo-swarm-vs-multi-maintainer-fork.md
  sha256: 99512886d0c11c3310fa0b0d85aad1798102bceacb977ac364357bc1689294c8
- id: scripts/cos-preamble-budget
  kind: script
  owner_adr: ADR-125
  lifecycle_state: advisory
  maturity: advisory
  distribution: maintainer
  runtime_projection: false
  projection_targets:
  - scripts/cos-preamble-budget
  - scripts/cos_preamble_budget.py
  - docs/architecture/core-adoption-preamble.md
  sha256: 9ba9986e05561893f245ae871b01405fe1d440aa9ab774b61d4429733436dc77
- id: scripts/cos-registry-lock
  kind: script
  owner_adr: ADR-136
  lifecycle_state: blocking
  maturity: blocking
  distribution: maintainer
  runtime_projection: false
  projection_targets:
  - scripts/cos-registry-lock
  - scripts/cos_cross_instance_learning.py
  - lib/cross_instance_learning.py
  - manifests/agentic-primitive-registry.lock.yaml
  - skills/REGISTRY.lock
  sha256: 964ad9aa79dd1c937f6b94140a4eeb903f3b837d8d15291f15f8d62c37416904
- id: scripts/cos-runtime-hook-reality
  kind: script
  owner_adr: ADR-126
  lifecycle_state: advisory
  maturity: advisory
  distribution: maintainer
  runtime_projection: false
  projection_targets:
  - scripts/cos-runtime-hook-reality
  - scripts/runtime_hook_reality.py
  - docs/architecture/boring-reliability-control-plane.md
  sha256: 38efb5998bb61b07da0f540fe137a54827692cda5b0eb1be093cb8c973a913a5
- id: scripts/cos-self-improvement-discipline-gate
  kind: script
  owner_adr: ADR-134
  lifecycle_state: blocking
  maturity: blocking
  distribution: maintainer
  runtime_projection: false
  projection_targets:
  - scripts/cos-self-improvement-discipline-gate
  - scripts/self_improvement_discipline_gate.py
  - scripts/cos-ci-local.sh
  - docs/adrs/ADR-134-headless-self-improvement-proposer.md
  sha256: d184b4806b5f89c8adda86bf13fa594483cddc691f93e51f0728645b5965e929
- id: scripts/cos-self-improvement-loop
  kind: script
  owner_adr: ADR-134
  lifecycle_state: advisory
  maturity: advisory
  distribution: maintainer
  runtime_projection: false
  projection_targets:
  - scripts/cos-self-improvement-loop
  - scripts/cos_self_improvement_loop.py
  - lib/self_improvement_loop.py
  - docs/adrs/ADR-134-headless-self-improvement-proposer.md
  sha256: 1f7f40d236ab6b8ef5c87ae57fce04bb086b21a53f5a0566a7f87187d95048a7
- id: scripts/cos-session-start-budget
  kind: script
  owner_adr: ADR-124
  lifecycle_state: advisory
  maturity: advisory
  distribution: maintainer
  runtime_projection: false
  projection_targets:
  - scripts/cos-session-start-budget
  - scripts/session_start_budget.py
  - scripts/_lib/settings-driver-claude-code.sh
  - docs/architecture/agentic-kernel-philosophy.md
  sha256: 1c8b65c0b0f1fad9e4eeb68e282867fefb051216bf5ee33065e7ef556f63bd19
- id: scripts/cos-silent-failure-audit
  kind: script
  owner_adr: ADR-126
  lifecycle_state: advisory
  maturity: advisory
  distribution: maintainer
  runtime_projection: false
  projection_targets:
  - scripts/cos-silent-failure-audit
  - scripts/silent_failure_audit.py
  - manifests/silent-failure-allowlist.yaml
  sha256: 61e27e6a1fb236a7e474be38fbdd6fe06d56bcc60bdd473b8fc1c6e12f38a674
- id: scripts/cos-tier-claim-audit
  kind: script
  owner_adr: ADR-133
  lifecycle_state: blocking
  maturity: blocking
  distribution: maintainer
  runtime_projection: false
  projection_targets:
  - scripts/cos-tier-claim-audit
  - scripts/cos_tier_claim_audit.py
  - docs/adrs/ADR-133-expansion-without-monsterization.md
  sha256: 03e708eb58b66c5722c00cd3c6a398b43eb0b252b750053a54ae09fb6e269121
- id: scripts/cos-wip-safety-score
  kind: script
  owner_adr: ADR-117
  lifecycle_state: advisory
  maturity: advisory
  distribution: maintainer
  runtime_projection: false
  projection_targets:
  - scripts/cos-wip-safety-score
  - scripts/cos_wip_safety_score.py
  - docs/architecture/boring-reliability-control-plane.md
  sha256: 9cb6e7768a9c8a6ed823639fccc8c96f81b14fc27e30f85fbe56fb9a0624f8f5
- id: scripts/cos_primitive_harvester
  kind: script
  owner_adr: ADR-120
  lifecycle_state: sandbox
  maturity: observe
  distribution: lab
  runtime_projection: false
  projection_targets:
  - scripts/cos_primitive_harvester.py
  - docs/architecture/primitive-harvester.md
  sha256: abd4f4a40788b95bb0b5631e5960bbcf0ce510a32906ac49e2d45824bd851348
