schema_version: 1
generated_at: '2026-05-15T13:15:26+00:00'
policy: Deterministic cross-instance lock; drift must be explicit before Shape-B federation.
skills:
- path: skills/__contracts__/SKILL.md
  sha256: 630bdbd4f5c8246c80a0ba2dafb81f49a7c8bf4409b94290a8701d7338ff3d7e
- path: skills/add-hook/SKILL.md
  sha256: bb7e0ac2a6fac07d8004bae16d0f04750f71543c252da18e59f10619f39ed514
- path: skills/add-mcp/SKILL.md
  sha256: 7ab37ed33d6efa7a6ed56d479a06f5836e96d2875253467d8924d424a7e920cd
- path: skills/add-rule/SKILL.md
  sha256: 9dcaa933e3da506c92d4bfefdf2456118e55418cd6234b08288ee7c31e3c1d73
- path: skills/add-skill/SKILL.md
  sha256: 160e919f550977a05395aee090046ebfc935790a1703f53dcac5faaaa672fc7d
- path: skills/adr-tombstone/SKILL.md
  sha256: 77c40612e4b70c1671a8c3017cea07f7fbf0449a06c5ef7419b6785a7ce971cb
- path: skills/agent-control/SKILL.md
  sha256: 8f5ffc917cee8a57959c3a61e43c6881e46f0c6a9c15fbb490774345be3f1529
- path: skills/agent-dashboard/SKILL.md
  sha256: 01aee162746af28fe1596c1554a6fcbf9f428ce86fdc3d4c26b74970fad6d116
- path: skills/agent-kpis/SKILL.md
  sha256: ecba162c7e0c0a3e0a793498ee59444935e136e578a61bee643d2d936ba66d60
- path: skills/agent-stress-test/SKILL.md
  sha256: fe45aba36ba2d9aa9c516bd481dc939ee8a65697f5e09fad7239e80e17907627
- path: skills/analyze-improvements/SKILL.md
  sha256: 0a3b107f917536f15e14215d4aef99142e87fce91fbd588a92758e4f08cce3ae
- path: skills/apply-improvements/SKILL.md
  sha256: 6ddba551487a9a6ce9809ae8158caa4eade11237302fd640fb01370c069a5f39
- path: skills/architecture-map-answer/SKILL.md
  sha256: 204df0f184dd08c296168edf65b8e17b192635d4a617d0da62c085c76166906d
- path: skills/arena/SKILL.md
  sha256: 0d8575ef39e4a1a6b25675fa00c478107377b254566f5cd7340dccc31d7e1e66
- path: skills/audit-integrity/SKILL.md
  sha256: 674509eb39050c5114565b1c263ce08d6e6121cdf776000fc72bab94a0fb2f04
- path: skills/audit-website/SKILL.md
  sha256: b738b35f48ba1e189ff5a192f1ba287b31594ffa8d1541b38843464a6e5b6f39
- path: skills/auto-refine/SKILL.md
  sha256: fdc63abc376dd42edf6c0f8fe7dd7b682a03eef7b0e5587e20078162690491d2
- path: skills/auto-rollback/SKILL.md
  sha256: 9f819362633b5d5ed072f261237b67b8b0e1fcbfedff6ade3d0b8c4c8c00e5d3
- path: skills/automaker-bridge/SKILL.md
  sha256: d04acd106723624da490e642465f1050d89f57332b5d4bd5e19a9ad31208062a
- path: skills/batch-runner/SKILL.md
  sha256: 84198244ecdfa0625df5282d54627b4673473071ddfca7540597659df2d7b6fd
- path: skills/branch-worktree-closure/SKILL.md
  sha256: 05b73720d1f45557a1b95e3863a1954aaa1a19e258d4dc6e876433825b4df928
- path: skills/browser-task/SKILL.md
  sha256: 9f17acf98fa7f1216eb57e324e6de9202a8713953330fc64d1fad5f033cc2753
- path: skills/bump-version/SKILL.md
  sha256: 3f234329144e2a91c5f0bb7352cf92170f5d1cb2d2d50733cbbf792f6ff57982
- path: skills/capability-snapshot/SKILL.md
  sha256: cfd0ef6392b53e5ffd37112ef2f2e049c004b7635701caf618d9a77bfbcf1e10
- path: skills/catalog-full/SKILL.md
  sha256: 89708426f9fec294ec6d716459a369f6cd412c1e49a16d58d1739d4a5865f422
- path: skills/caveman/SKILL.md
  sha256: 292944c2d0a02accaa8dd132fc5c6743d5516c0b8cc9e38a1688fc49700efdaa
- path: skills/caveman-compress/SKILL.md
  sha256: 30a0f6623ef9e162f607d307939aad013c24130b652579900e55064b91dbff7a
- path: skills/caveman-es/SKILL.md
  sha256: 1e1675411069eca20983c678fd33943aa7c5628406755ed84b9be419c5950793
- path: skills/code-review/SKILL.md
  sha256: 1b4425dee14d08a3ec8db8da10efabfed5165caeeb0027fb07a34cf7b231962d
- path: skills/cognee-integration/SKILL.md
  sha256: 621ceb0ea15ccee3dd792c9815c59d851a5d6e413f0bffee57ec4caa7ffabaa7
- path: skills/cognee-search/SKILL.md
  sha256: 3d3aefc76369f2bfeefea32fda2249183f33f74654aa417bf9331b2ea869c9a0
- path: skills/cognitive-os-benchmark/SKILL.md
  sha256: 65db1413f5be3a48ec5912e0b9aaf5ed06737b6727343139eea6ea82a299f67d
- path: skills/cognitive-os-init/SKILL.md
  sha256: a8b80465b0baf2be96a167606b6fe6d12e9a36f48bf7bebc9874d87543ceaf6c
- path: skills/cognitive-os-status/SKILL.md
  sha256: fb4bb23bc4a0b274b702aa4b59a08fedc98e3efe4325362a0429b481a9444a23
- path: skills/cognitive-os-test/SKILL.md
  sha256: b78ca692ac584d1c1f7546f476766e8e127d290b442a9d34d1d285d14f535072
- path: skills/compat-test/SKILL.md
  sha256: f969ccbfeffd6669899b3ab9c79786925e974cefab8348276689fdf937a69c23
- path: skills/component-classifier/SKILL.md
  sha256: ff13a53b7ee41b4b4e09119fab479b032ca66fc62cf6d535bf01aff6d65c05a7
- path: skills/component-reality-check/SKILL.md
  sha256: fafe5ebe08e3155d542f533af759159a7ec15c4e687dff163a9aa1c526aa7fae
- path: skills/compose-prompt/SKILL.md
  sha256: 9dd27b204971dde655111c05b3e9785a0abbb2187d3b3fa832bd9811c0b56d94
- path: skills/confidence-check/SKILL.md
  sha256: 6345a502258b441c7b3668d2416596f1b87d66ebcbcaa55584c4b771a06755fc
- path: skills/contract-drift/SKILL.md
  sha256: 88c476685b2dac486319f0547d7c9c0df9b7240d1856448f48d4d32357699221
- path: skills/conversation-memory/SKILL.md
  sha256: c198dd68c4ae7f35ef344712eb26e63172b7448a7e2d75012eb849f5238ea8b4
- path: skills/coordination-status/SKILL.md
  sha256: 4979792fc8602935b7126f56ab3eea1a757401333796fd9ac667d912b7b19e4c
- path: skills/cos-install-operations/SKILL.md
  sha256: 17f4af006832462f9b248e50baa16e1f10cd925b14dd91573123c187fe1f95b5
- path: skills/cos-maintainer-operations/SKILL.md
  sha256: 5cca78bf40e5917a775d715854faeb90f9afd5da1cea7e83c62b7f901c297278
- path: skills/cos-status/SKILL.md
  sha256: f9869d06588944a5d0be3324e3357a8d252dcb9aa0539b492ae7537b8266b05e
- path: skills/cost-predictor/SKILL.md
  sha256: ec83c03789c5185dab230ed774daf289b7ce066a6dd84089c217ecd446f64a10
- path: skills/coverage-enforcement/SKILL.md
  sha256: 7550301ae5c7cce8a821bdcc69312114075eeb757337ef590db618bd6ee6d742
- path: skills/decision-triage/SKILL.md
  sha256: 9ec7dc5ead4fe1c47c45e8588539506e30411d1e2c107a77ed603ef94d941303
- path: skills/deep-research/SKILL.md
  sha256: 1999adc8b37396b45243280d831d9c25d2ce191615b29f2c21fda66fd98382b0
- path: skills/deep-tool-research/SKILL.md
  sha256: 079496b0a8fb5255fead3cdc0d741c3a78f1c4790fed1a82ee62d74e2304e544
- path: skills/deepeval-integration/SKILL.md
  sha256: 254ce0439306b47db5e624a849d72cbd96e22eab664ddf6cede8a73bb60c520a
- path: skills/deps-update/SKILL.md
  sha256: 23ee9a521655b88532797d5f595ec47da64439eed2c3b8f6a0c4879dea97083c
- path: skills/detect-patterns/SKILL.md
  sha256: 5455f2fe17d8362fe5baba5ad5024edb78ae33a4c43bee759e8f850fbe308cff
- path: skills/detect-stack/SKILL.md
  sha256: 2246cd150965575a29bcf97899a862e9bbb0ec1191e95533e1f49d89a4b6400e
- path: skills/devbox-checkpoint/SKILL.md
  sha256: 74b1d0d9735057a2165609b2af624397da86e50fd93e8b4cc4566b343abf0162
- path: skills/doc-review-personas/SKILL.md
  sha256: 34153da50117d8216cfb901f1933b484bc6b33d5e23b1eeea0e16e53eb14e705
- path: skills/doc-sync/SKILL.md
  sha256: d275a07df8f9224e2b78c4ec881c958388801f04432fca5b9c877db25cb67ce9
- path: skills/docs-execution-audit/SKILL.md
  sha256: 5773a7321b4adef2d21a0861e65b55cbbb4223cf068d105636e0bb256e2a95c7
- path: skills/document-feature/SKILL.md
  sha256: 252d360418db9b4a33d69b0b9ec28814e8cc89cd97fd9f92cedace94ac5077f9
- path: skills/dod-check/SKILL.md
  sha256: a2972a5800ad3c0496b296d9ee0e39d7e128aaefc6c911333385173efce9d9cd
- path: skills/dogfood-score/SKILL.md
  sha256: ff1733c6d423344c41ffba8cce8e34c61549e012a0418ea2da0856c980b05c8d
- path: skills/domain-model/SKILL.md
  sha256: a5b2b5ce76ad83d749e4b495ba86636a4f536322de680487c96e7f7fc709e85f
- path: skills/error-analyzer/SKILL.md
  sha256: f04fefcaf3a4aba5a494c68e3e50ff13c723f2ca3f06ef8b3b3cf4855b97cda2
- path: skills/eval-repo/SKILL.md
  sha256: de1d14b644e69605ca819a537f7878663e942899abde5daa8af8cef696ae5392
- path: skills/evaluate-plan/SKILL.md
  sha256: 2fe1ea02710533d10c35f2817155ee6d63982d57053eefdc0bcafff241e65447
- path: skills/exhaustive-prompt/SKILL.md
  sha256: 96be185a4704f0aca837bc4df741fcc5dc8594d1dd35d0f4217eeb81b1bbe842
- path: skills/experimental/SKILL.md
  sha256: aacaa8931bd5f17c9eb4d09e12bf7bae2f300b0d8930c3164ee8c2e0c77910f6
- path: skills/generate-changelog/SKILL.md
  sha256: 78df2eb7ebfddd43cdd90847d2b544a6bfc4410ffc13f2aaa741540f28cd4220
- path: skills/generate-config/SKILL.md
  sha256: 8a5a3e264aed4fe5effd461d4f1a8ccc72a5a8ef04b42407c5f754467fc83cfe
- path: skills/gpu-sandbox/SKILL.md
  sha256: 8ad9fe6fc8df4040dd121cbfd80823483af6c32ed2a0d7095f5fb4e51d0710c2
- path: skills/harness-audit/SKILL.md
  sha256: b8cfcdbd270540f8f0fa3061306e69cb8e038b87e026a5387b27692b24d5b97c
- path: skills/hook-timing/SKILL.md
  sha256: 0296d69dd0a36a66f331a1b74bf103ddecaa2c40990b8d9f890f5a1d3d6c1594
- path: skills/impact-analysis/SKILL.md
  sha256: 15ae30afbe394b50ca3924f237e5da7e909090d3293a7057f8111857aa6be4a5
- path: skills/install-recommended/SKILL.md
  sha256: b0c45125df01b94d17234e965ab7a5202fd94fbf833ca791659b6e8b8d26b08c
- path: skills/invariant-check/SKILL.md
  sha256: f3b25da45fb6fcfa6ac742f1e348b26e92bee8c4ae5b291173de0e76ffb65fd4
- path: skills/issue-pipeline/SKILL.md
  sha256: 5ab7107403f40ca323edc619f0f7d8a0de153295daeb00ee5894d9247059d898
- path: skills/jupyter-execute/SKILL.md
  sha256: 6b837c5b796541001d19dd18f906386a964e9c8da97520a4dd488bef8bb02fd2
- path: skills/llm-status/SKILL.md
  sha256: cb688b5bbba8de376828b1be54b1b52ecc5e6f1d852d0c2e7aa23eb3017c3250
- path: skills/memory-scan/SKILL.md
  sha256: ea2bdde25f0ce5d17087e45dd60314a9eb46cd45881a239fb4139811e764897d
- path: skills/memu-context/SKILL.md
  sha256: f06318cb0ae816b82075c2b25626bf900d5193efadfe3dda4e5240ab03f69db2
- path: skills/metrics-calibrator/SKILL.md
  sha256: 560ee5935ed9ee9f5d790e0f059bed27cfe15cfe8fc451bd5d740fdda5a4c7c1
- path: skills/model-optimizer/SKILL.md
  sha256: 9b08e821f3dc46e9aece79924ee20bb6eca9be09e64b62b16994cb76d21e33b9
- path: skills/nemo-guardrails/SKILL.md
  sha256: 84aaf39fddf302e686bfbc9c21f0f82531fa1da67c54b3eb38050ddf8718e2f1
- path: skills/ops-runbook/SKILL.md
  sha256: f64193cde301d59dd227f9cfb97047ebfca45ef56e959ac734290b40e6a28117
- path: skills/optimize-skill/SKILL.md
  sha256: 4f821b7d78b89fc4de734826b7b476d83f6b0a7da61a750ef4433ef8de36f366
- path: skills/pattern-audit/SKILL.md
  sha256: f26df55c7159b813bbedf2ef33d7d93e33d95e4a01b6feb8a12590f87db85a22
- path: skills/peer-card/SKILL.md
  sha256: 6aefe9a4c715e14710917d4b26978aa427c0616c0be4cba15bac527ba2295eac
- path: skills/pentest-self/SKILL.md
  sha256: a822559de209bba4d163232988f69678ea037d861fc928d5363be8fd9af1ed4c
- path: skills/persistent-agent/SKILL.md
  sha256: 0ace0cfc1812ff150a0875220dfd74071d151929727d6a5a4d704d136c7bf134
- path: skills/phoenix-trace-ui/SKILL.md
  sha256: f4f8ceab3e4f231f5a494a567ace6e2bad8094159c65a7bcbcfdae83bad23cc8
- path: skills/plan-bug/SKILL.md
  sha256: b7860d629ab427f08e64c95597f9af5987ba85fc6521aa54e3f9ac76fb5bdb7b
- path: skills/plan-feature/SKILL.md
  sha256: 675c7d9185d9dc90ebc8cdbbcaf1b43217d71ac5c47d3579b9730b8cee580796
- path: skills/planning-poker/SKILL.md
  sha256: ffdbdb3098ad74a5d2b7d29adca744e8286822737cd3c91778fc0ba53726477c
- path: skills/pr-review/SKILL.md
  sha256: cfd84b402cb6c596c28dc066be5e8942716c50dbed7cb91f1e0caf900fa26aba
- path: skills/preserved-wip-cleanup/SKILL.md
  sha256: 7af6946bc2badd87106d8b77d5f7f353e88a48e0fc3cb1642c893b0602ead06c
- path: skills/primitive-authoring/SKILL.md
  sha256: 413ebb3e0dbe31ebdd058e339ec9876c6a449bffb3c6e09080248cb7e1223386
- path: skills/primitive-harness-coverage/SKILL.md
  sha256: fff379985355e914aeeaed4b3a6d8e5018e18c005797bf6b94eefc91ed33082e
- path: skills/primitive-harvester/SKILL.md
  sha256: 39a5c01b0557c9379cd96a8830e8e38165996a870aff88d6b13a4ebf87da269a
- path: skills/primitive-surface-reduction/SKILL.md
  sha256: bca6bf516b3ef7eb9cb74ff670a2f411bfd4470bdd6d612bd74761412e8b4f5c
- path: skills/primitive-usage-map/SKILL.md
  sha256: 685d25a42b2bd7ce7c5e51a6e74034d85a7004e0d93e419cadb5937a52910662
- path: skills/private-mode/SKILL.md
  sha256: 41a9ba6e7dee3243733c8932cff884703987b3efd8ad4ca45cdc76ac024fd5fa
- path: skills/product-answer/SKILL.md
  sha256: 2753490656416fd2f51f0e8d05df3c76b04e6868dbee590fd1a2434dd1a0080d
- path: skills/project-scaffold/SKILL.md
  sha256: f8175a55ed62985841032b380ed9391709d4ae7e226b23dd5fe13026bdf00e9c
- path: skills/promptfoo-integration/SKILL.md
  sha256: 3aa735065df58e2f872707abc0ca8e10f93610c8882fef20772888c633229c2c
- path: skills/proof-drill/SKILL.md
  sha256: 00f59bf62a050529b441e02b5033c1ab8c957dd94d1f1dd614dac92c7f3ffe30
- path: skills/push-release/SKILL.md
  sha256: 24b4aafaf47da84a3a8fbcffda31b0ceed352f0b43b10f3d7aacb2c4f8caad4a
- path: skills/queue-drain/SKILL.md
  sha256: 4f65639164e71da4c4ba046a6eb887cfa32b1282576a17de616badfbbacaab7d
- path: skills/radar-update/SKILL.md
  sha256: 18b9bcb928278b6c5ea17cef9472a6d796f4bf2fe91094fc4cdef9ad14531d33
- path: skills/ragas-integration/SKILL.md
  sha256: c88f94fe03ab1adc8dd54d52393b4f4858be6204311593ef23ecf52810f4e26b
- path: skills/readiness-check/SKILL.md
  sha256: f45549141f2caadf80dc979dc2309702f56e75405feb9df67a1489107194fa15
- path: skills/recall-search/SKILL.md
  sha256: f8d5983bd20423bfc2c2e10fa0fe2a669434ba5151acc692d364fba4aa41e93d
- path: skills/recommend-library/SKILL.md
  sha256: bfc8707fa92d2bca382cbd45fc244f729bd4f6fd1a73094ddb268406b60f71a9
- path: skills/red-team/SKILL.md
  sha256: dd98a7ea82b30c747229e720f1c00e0939e58bfec4a18fcf9c0a04f3bed1a7e0
- path: skills/redteam-harness/SKILL.md
  sha256: ca7ceee3e78a70e0f0f589b781bcf80e3d524925bd3949546f70d27949412324
- path: skills/release-os/SKILL.md
  sha256: 39fec607fb58234ec3eb9fdc07fd776d96f9ae90f8751af7070d242a9323feb3
- path: skills/repair-skill/SKILL.md
  sha256: e9627ae7e0606442a921bc50e7722f14e3a27aec1e4b3b29406082390d04c7d7
- path: skills/repair-status/SKILL.md
  sha256: f849129e0ee603993dbab1fa7a9134eea27d240505406e64344e5d5e0f060abb
- path: skills/repo-forensics/SKILL.md
  sha256: 20df644dc0879329aaf4f2451f19a6fff75c0b51245b55d7dfcb99f8e56ed90f
- path: skills/repo-scout/SKILL.md
  sha256: 1b2e38b93ad95b7b565db566264a1f2da0c4e797a19f062549846cc539974b7a
- path: skills/research-protocol/SKILL.md
  sha256: 1b8545d90760f7fcf7ddb58832bc4136a52eab61fa0af2f5b70c33d1c504d416
- path: skills/resolve-blockers/SKILL.md
  sha256: 3467a718f93642ba47b1ba78de5a9503c83c97307ae164fabb9d0dbe67d4b448
- path: skills/resource-governor/SKILL.md
  sha256: 6b8ecd694e8c6ae6fa93ff788e7a28d979533a98a6e8f258440a51309abcface
- path: skills/resume-tasks/SKILL.md
  sha256: 2ce895fa40f5b444f460d0ab2d4729adf7ff20a8ec04e268c4c665763c94c902
- path: skills/retrospective/SKILL.md
  sha256: 2dafea85b79774ae3c7c40885c859bde2b320bc922149484b7517c6c24a578a9
- path: skills/reverse-engineer/SKILL.md
  sha256: bc326dc78c829f3f26c04139834bcd645f931e95e5716973472f9dc22ecec332
- path: skills/review-output/SKILL.md
  sha256: ba951d11032e6968dd9bd661fa9390c9f7554e3ff884cac5b5ba0e781058f36f
- path: skills/risk-register/SKILL.md
  sha256: a1548f515b58d85037bdd29d9b5aea0e5c9bf07e7e0353530eae68353e2247cc
- path: skills/rules-export/SKILL.md
  sha256: eff3040bd012fcf216ad73fa3f50d85e84916d6ceb150d4ebac81d1426ca0df8
- path: skills/run-tests/SKILL.md
  sha256: 44609dd745e4919b5ef007d816197d2eb9cb37874e28b1e632f8e755fc2aa446
- path: skills/sandbox-sample/SKILL.md
  sha256: 44701e321e2ee85645ad933110ffa3dfcb2247e1cfde56ac56c096833e02fc45
- path: skills/scaffold-project/SKILL.md
  sha256: 0aed7d900531e8887e7d5067c298a8b87af39cdd1b95f016b4bb3b9392cef1a2
- path: skills/scout/SKILL.md
  sha256: 376d2e34778ace919dd2b88d8ac04c3f0a2bcd5e368446de7a6590a3b2c3971b
- path: skills/sdd-compound/SKILL.md
  sha256: 8808dd7d5b7f3849d27911d62930b4fa168e0de84f4b161e56c19fbaaf5c1966
- path: skills/sdd-continue/SKILL.md
  sha256: 4c8d1f3c4f6191c83d6379f9ba9556511aa9d4f2c418249e05e87e95ba3871f0
- path: skills/sdd-explore/SKILL.md
  sha256: ba6b4238bc900c636c687881ae55df2bb2bce34c85a3882aa3722d2d7e12dedb
- path: skills/sdd-resume/SKILL.md
  sha256: cc026f3b02e0bd0edaa48a7ed877190be4f85e80c283058768653f1b54e5e813
- path: skills/secret-audit/SKILL.md
  sha256: 4a5e340231f7ee6d84c48cdac3b556d32952e763a02bdf63dbd4e7e61eca5c26
- path: skills/security-audit/SKILL.md
  sha256: a0648ea2bc6979c4c2630721f5ad8d44ed64cab16d2f895801ebcdd5756ebb8d
- path: skills/security-red-team/SKILL.md
  sha256: 568a9adb880742e5170bbd73effe530618871e1ee082472b74367273527c8379
- path: skills/self-improve/SKILL.md
  sha256: c1f5b2c882e0b2428a13aa7435d4156c248469e7e4a6b53c238f46d6ae51c5a2
- path: skills/self-review/SKILL.md
  sha256: b608718d8011bdd7a21a2e912bb37c1c661ad9c832d1456baa6cd872a5c51e9b
- path: skills/semgrep-scan/SKILL.md
  sha256: 23985ffc54e8502ca15ff357bcdde85fc5b64d7a42306abb1c6fa771bb40ac9c
- path: skills/session-backlog/SKILL.md
  sha256: ec76cb08fd59bd026e76dc93d90172049906ecd6b8b2787e159c46915974861a
- path: skills/session-manager/SKILL.md
  sha256: f111961a3cedc4e4dbc6e0c9d8ef95251f743bd4889bc64f37badcad500be6bf
- path: skills/session-pending-brief/SKILL.md
  sha256: 5bbbf1eee97956595630bac08f0cd42df954a978d3ffb9c99e44c51454383597
- path: skills/session-pending-close/SKILL.md
  sha256: 36840b6583a3ba01322ed15afdccf0e01ebf46286d8da14435d54c4ce60a5aa9
- path: skills/session-report-executive/SKILL.md
  sha256: bc4fc5bc099330c7cb04ef9eeb1c1fa2bd1eef035eddb377ed49d5be59c1c63e
- path: skills/session-wrapup/SKILL.md
  sha256: b98541d985c4a59bc5f91309cafb6b7c21119dccd35b5027480fe1ff0c9d0270
- path: skills/simulation-arena/SKILL.md
  sha256: 3ed00d6610e733a70158132c285904303b748cfb6534a23ed1fbceadc0eebbd4
- path: skills/singularity/SKILL.md
  sha256: 2abd0ce03c937719fa76dd6f561bb608bc8a0cab1493d34feabb0c32cfd4626a
- path: skills/skill-creator/SKILL.md
  sha256: 90a92c3aecfc55346ac2daa60562df4edd1805e87fd5aa60ba743da1f0a4ab01
- path: skills/smoke-test/SKILL.md
  sha256: 3a62213046c7a4f3306f39094f510893ba9d4fc20151936235bf5d44cc7fa461
- path: skills/so-vs-vanilla/SKILL.md
  sha256: 5c7624804c1e6698f0fc1747c92c7dec8249f72c35790a265750f4b4105b500e
- path: skills/sprint/SKILL.md
  sha256: 01f46d41a2a7a793256bb01cc342a65f667d99914033bd70420131d152bece72
- path: skills/squad-manager/SKILL.md
  sha256: ea7ae76a3d41a104191d98c5e75deee943b897e9974107bfc9ccb0b92404b444
- path: skills/sre-agent/SKILL.md
  sha256: 9be5308e594dd0980cf28aab2a9ffee4598299a6fcc99f4f9d169731f5835459
- path: skills/strands-evals-integration/SKILL.md
  sha256: 2ef6451fdca0eaffdb7601d7c89d8dbf6cbd50dfbbfcdd86c638785e675436a6
- path: skills/synthesize-skill/SKILL.md
  sha256: c0d935557b36ef5135f9d81269b7321bab5eed1ccde41d815650e73e6a15e194
- path: skills/systematic-debugging/SKILL.md
  sha256: 69e96bafbef35b53766b2856d760827e916e329ff379850f66ff308dad9bd21a
- path: skills/tag-release/SKILL.md
  sha256: 0d6784f3f4914965af360d29577ac7448e63c034bb361052d81196884ec33a47
- path: skills/test-contract-repair/SKILL.md
  sha256: 8f8f6e15c6e45c061b936b8e4770e525d0c0138825897603cccc86acba729547
- path: skills/test-driven-development/SKILL.md
  sha256: e622ed0f7b1f86221a1fffca1b514938b5175a0e635f888702f7fb2014747817
- path: skills/tool-discovery/SKILL.md
  sha256: c0e740ff6d2cbb4649638348b1a391f1e714c90ac6f607d6249fa1b67efd2f22
- path: skills/trust-audit/SKILL.md
  sha256: 11b768de76d9a2297e79347a58e1b208d3bf00dc3585d93fd585343287281bd2
- path: skills/validate-config/SKILL.md
  sha256: 57ee902d99f0463d2eae5da5d268b86329607cb0b0c1bd8354083833ae448062
- path: skills/validate-release/SKILL.md
  sha256: 73af642197bd6337142a1e56f472e52d715831976e7b54fd9084ff5c059fcc69
- path: skills/verification-before-completion/SKILL.md
  sha256: a85155e1eb15136e42476ffd600403266cc94f98ca0fed6babc6e3cbcc68ad07
- path: skills/vuln-remediation-flow/SKILL.md
  sha256: 1bf616b2cbde6a601d4b796edf114aa6ac3069da995ef67b3688c1f59efca478
- path: skills/vulnerability-scan/SKILL.md
  sha256: 81d65d9842046d73457a7c9ffb79e4c3643614be94b15375563a45e57d53c7fb
- path: skills/web-crawler/SKILL.md
  sha256: ae77d0672bd38360929f4071a267b8e56d462c033780acf05bbfe2b7ce7410df
- path: skills/webhook-trigger/SKILL.md
  sha256: ba1b7339b966c2d8f116834437e6b4de5eeacba62b436cb338c2c8d7bbadf969
- path: skills/wiki-ingest/SKILL.md
  sha256: d5ec92793088453909053e8b6d0e8a0257bfc704e1a0ab0475298d719b2b6e49
- path: skills/worktree-triage/SKILL.md
  sha256: b3c28367090eb3601092998d6a22157bcd149ece2b773f90231ecd11a0befc7e
